// !$*UTF8*$!
{
	archiveVersion = 1;
	classes = {
	};
	objectVersion = 50;
	objects = {

/* Begin PBXBuildFile section */
		779F0532245EB0A77399A4D6 /* Pods_TestCurr.framework in Frameworks */ = {isa = PBXBuildFile; fileRef = 735815D7F05215F410631D4C /* Pods_TestCurr.framework */; };
		FA2FCDAE21F8AA69009D6A3A /* AppDelegate.swift in Sources */ = {isa = PBXBuildFile; fileRef = FA2FCDAD21F8AA69009D6A3A /* AppDelegate.swift */; };
		FA2FCDB021F8AA69009D6A3A /* ViewController.swift in Sources */ = {isa = PBXBuildFile; fileRef = FA2FCDAF21F8AA69009D6A3A /* ViewController.swift */; };
		FA2FCDB321F8AA69009D6A3A /* Main.storyboard in Resources */ = {isa = PBXBuildFile; fileRef = FA2FCDB121F8AA69009D6A3A /* Main.storyboard */; };
		FA2FCDB521F8AA6A009D6A3A /* Assets.xcassets in Resources */ = {isa = PBXBuildFile; fileRef = FA2FCDB421F8AA6A009D6A3A /* Assets.xcassets */; };
		FA2FCDB821F8AA6A009D6A3A /* LaunchScreen.storyboard in Resources */ = {isa = PBXBuildFile; fileRef = FA2FCDB621F8AA6A009D6A3A /* LaunchScreen.storyboard */; };
		FA2FCDC821F8AE8D009D6A3A /* PrivatBankTableViewCell.swift in Sources */ = {isa = PBXBuildFile; fileRef = FA2FCDC621F8AE8D009D6A3A /* PrivatBankTableViewCell.swift */; };
		FA2FCDC921F8AE8D009D6A3A /* PrivatBankTableViewCell.xib in Resources */ = {isa = PBXBuildFile; fileRef = FA2FCDC721F8AE8D009D6A3A /* PrivatBankTableViewCell.xib */; };
		FA2FCDCC21F8AE9F009D6A3A /* NBUTableViewCell.swift in Sources */ = {isa = PBXBuildFile; fileRef = FA2FCDCA21F8AE9F009D6A3A /* NBUTableViewCell.swift */; };
		FA2FCDCD21F8AE9F009D6A3A /* NBUTableViewCell.xib in Resources */ = {isa = PBXBuildFile; fileRef = FA2FCDCB21F8AE9F009D6A3A /* NBUTableViewCell.xib */; };
		FA2FCDCF21F8B004009D6A3A /* GlobalScope.swift in Sources */ = {isa = PBXBuildFile; fileRef = FA2FCDCE21F8B004009D6A3A /* GlobalScope.swift */; };
		FA31C6EC21FB0EEF00BD52D9 /* ServiceManager.swift in Sources */ = {isa = PBXBuildFile; fileRef = FA31C6EB21FB0EEF00BD52D9 /* ServiceManager.swift */; };
		FA31C6EE21FB3B9100BD52D9 /* CurrencyModel.swift in Sources */ = {isa = PBXBuildFile; fileRef = FA31C6ED21FB3B9100BD52D9 /* CurrencyModel.swift */; };
/* End PBXBuildFile section */

/* Begin PBXFileReference section */
		684B6F849D2CEC3F4EDA3C61 /* Pods-TestCurr.release.xcconfig */ = {isa = PBXFileReference; includeInIndex = 1; lastKnownFileType = text.xcconfig; name = "Pods-TestCurr.release.xcconfig"; path = "Pods/Target Support Files/Pods-TestCurr/Pods-TestCurr.release.xcconfig"; sourceTree = "<group>"; };
		735815D7F05215F410631D4C /* Pods_TestCurr.framework */ = {isa = PBXFileReference; explicitFileType = wrapper.framework; includeInIndex = 0; path = Pods_TestCurr.framework; sourceTree = BUILT_PRODUCTS_DIR; };
		E05F4A058ED2CC3CCA892F3B /* Pods-TestCurr.debug.xcconfig */ = {isa = PBXFileReference; includeInIndex = 1; lastKnownFileType = text.xcconfig; name = "Pods-TestCurr.debug.xcconfig"; path = "Pods/Target Support Files/Pods-TestCurr/Pods-TestCurr.debug.xcconfig"; sourceTree = "<group>"; };
		FA2FCDAA21F8AA69009D6A3A /* TestCurr.app */ = {isa = PBXFileReference; explicitFileType = wrapper.application; includeInIndex = 0; path = TestCurr.app; sourceTree = BUILT_PRODUCTS_DIR; };
		FA2FCDAD21F8AA69009D6A3A /* AppDelegate.swift */ = {isa = PBXFileReference; lastKnownFileType = sourcecode.swift; path = AppDelegate.swift; sourceTree = "<group>"; };
		FA2FCDAF21F8AA69009D6A3A /* ViewController.swift */ = {isa = PBXFileReference; lastKnownFileType = sourcecode.swift; path = ViewController.swift; sourceTree = "<group>"; };
		FA2FCDB221F8AA69009D6A3A /* Base */ = {isa = PBXFileReference; lastKnownFileType = file.storyboard; name = Base; path = Base.lproj/Main.storyboard; sourceTree = "<group>"; };
		FA2FCDB421F8AA6A009D6A3A /* Assets.xcassets */ = {isa = PBXFileReference; lastKnownFileType = folder.assetcatalog; path = Assets.xcassets; sourceTree = "<group>"; };
		FA2FCDB721F8AA6A009D6A3A /* Base */ = {isa = PBXFileReference; lastKnownFileType = file.storyboard; name = Base; path = Base.lproj/LaunchScreen.storyboard; sourceTree = "<group>"; };
		FA2FCDB921F8AA6A009D6A3A /* Info.plist */ = {isa = PBXFileReference; lastKnownFileType = text.plist.xml; path = Info.plist; sourceTree = "<group>"; };
		FA2FCDC621F8AE8D009D6A3A /* PrivatBankTableViewCell.swift */ = {isa = PBXFileReference; lastKnownFileType = sourcecode.swift; path = PrivatBankTableViewCell.swift; sourceTree = "<group>"; };
		FA2FCDC721F8AE8D009D6A3A /* PrivatBankTableViewCell.xib */ = {isa = PBXFileReference; lastKnownFileType = file.xib; path = PrivatBankTableViewCell.xib; sourceTree = "<group>"; };
		FA2FCDCA21F8AE9F009D6A3A /* NBUTableViewCell.swift */ = {isa = PBXFileReference; lastKnownFileType = sourcecode.swift; path = NBUTableViewCell.swift; sourceTree = "<group>"; };
		FA2FCDCB21F8AE9F009D6A3A /* NBUTableViewCell.xib */ = {isa = PBXFileReference; lastKnownFileType = file.xib; path = NBUTableViewCell.xib; sourceTree = "<group>"; };
		FA2FCDCE21F8B004009D6A3A /* GlobalScope.swift */ = {isa = PBXFileReference; lastKnownFileType = sourcecode.swift; path = GlobalScope.swift; sourceTree = "<group>"; };
		FA31C6EB21FB0EEF00BD52D9 /* ServiceManager.swift */ = {isa = PBXFileReference; lastKnownFileType = sourcecode.swift; path = ServiceManager.swift; sourceTree = "<group>"; };
		FA31C6ED21FB3B9100BD52D9 /* CurrencyModel.swift */ = {isa = PBXFileReference; lastKnownFileType = sourcecode.swift; path = CurrencyModel.swift; sourceTree = "<group>"; };
/* End PBXFileReference section */

/* Begin PBXFrameworksBuildPhase section */
		FA2FCDA721F8AA69009D6A3A /* Frameworks */ = {
			isa = PBXFrameworksBuildPhase;
			buildActionMask = 2147483647;
			files = (
				779F0532245EB0A77399A4D6 /* Pods_TestCurr.framework in Frameworks */,
			);
			runOnlyForDeploymentPostprocessing = 0;
		};
/* End PBXFrameworksBuildPhase section */

/* Begin PBXGroup section */
		0B85C61BB055CC2A2218B210 /* Frameworks */ = {
			isa = PBXGroup;
			children = (
				735815D7F05215F410631D4C /* Pods_TestCurr.framework */,
			);
			name = Frameworks;
			sourceTree = "<group>";
		};
		CAB09B1458817895827DE2F6 /* Pods */ = {
			isa = PBXGroup;
			children = (
				E05F4A058ED2CC3CCA892F3B /* Pods-TestCurr.debug.xcconfig */,
				684B6F849D2CEC3F4EDA3C61 /* Pods-TestCurr.release.xcconfig */,
			);
			name = Pods;
			sourceTree = "<group>";
		};
		FA2FCDA121F8AA69009D6A3A = {
			isa = PBXGroup;
			children = (
				FA2FCDAC21F8AA69009D6A3A /* TestCurr */,
				FA2FCDAB21F8AA69009D6A3A /* Products */,
				CAB09B1458817895827DE2F6 /* Pods */,
				0B85C61BB055CC2A2218B210 /* Frameworks */,
			);
			sourceTree = "<group>";
		};
		FA2FCDAB21F8AA69009D6A3A /* Products */ = {
			isa = PBXGroup;
			children = (
				FA2FCDAA21F8AA69009D6A3A /* TestCurr.app */,
			);
			name = Products;
			sourceTree = "<group>";
		};
		FA2FCDAC21F8AA69009D6A3A /* TestCurr */ = {
			isa = PBXGroup;
			children = (
				FA2FCDB621F8AA6A009D6A3A /* LaunchScreen.storyboard */,
				FA2FCDB121F8AA69009D6A3A /* Main.storyboard */,
				FA2FCDC421F8AE43009D6A3A /* Models */,
				FA2FCDC121F8AE1E009D6A3A /* Controllers */,
				FA2FCDB421F8AA6A009D6A3A /* Assets.xcassets */,
				FA2FCDB921F8AA6A009D6A3A /* Info.plist */,
			);
			path = TestCurr;
			sourceTree = "<group>";
		};
		FA2FCDC121F8AE1E009D6A3A /* Controllers */ = {
			isa = PBXGroup;
			children = (
				FA2FCDAF21F8AA69009D6A3A /* ViewController.swift */,
			);
			path = Controllers;
			sourceTree = "<group>";
		};
		FA2FCDC421F8AE43009D6A3A /* Models */ = {
			isa = PBXGroup;
			children = (
				FA2FCDCE21F8B004009D6A3A /* GlobalScope.swift */,
				FA2FCDAD21F8AA69009D6A3A /* AppDelegate.swift */,
				FA31C6EB21FB0EEF00BD52D9 /* ServiceManager.swift */,
				FA31C6ED21FB3B9100BD52D9 /* CurrencyModel.swift */,
				FA2FCDC521F8AE4D009D6A3A /* Cells */,
			);
			path = Models;
			sourceTree = "<group>";
		};
		FA2FCDC521F8AE4D009D6A3A /* Cells */ = {
			isa = PBXGroup;
			children = (
				FA2FCDC621F8AE8D009D6A3A /* PrivatBankTableViewCell.swift */,
				FA2FCDC721F8AE8D009D6A3A /* PrivatBankTableViewCell.xib */,
				FA2FCDCA21F8AE9F009D6A3A /* NBUTableViewCell.swift */,
				FA2FCDCB21F8AE9F009D6A3A /* NBUTableViewCell.xib */,
			);
			path = Cells;
			sourceTree = "<group>";
		};
/* End PBXGroup section */

/* Begin PBXNativeTarget section */
		FA2FCDA921F8AA69009D6A3A /* TestCurr */ = {
			isa = PBXNativeTarget;
			buildConfigurationList = FA2FCDBC21F8AA6A009D6A3A /* Build configuration list for PBXNativeTarget "TestCurr" */;
			buildPhases = (
				6769E7A17FA2354EECAF7951 /* [CP] Check Pods Manifest.lock */,
				FA2FCDA621F8AA69009D6A3A /* Sources */,
				FA2FCDA721F8AA69009D6A3A /* Frameworks */,
				FA2FCDA821F8AA69009D6A3A /* Resources */,
				5F0FB38D65ECF9F97ADAEEC7 /* [CP] Embed Pods Frameworks */,
			);
			buildRules = (
			);
			dependencies = (
			);
			name = TestCurr;
			productName = TestCurr;
			productReference = FA2FCDAA21F8AA69009D6A3A /* TestCurr.app */;
			productType = "com.apple.product-type.application";
		};
/* End PBXNativeTarget section */

/* Begin PBXProject section */
		FA2FCDA221F8AA69009D6A3A /* Project object */ = {
			isa = PBXProject;
			attributes = {
				LastSwiftUpdateCheck = 1010;
				LastUpgradeCheck = 1010;
				ORGANIZATIONNAME = Alex;
				TargetAttributes = {
					FA2FCDA921F8AA69009D6A3A = {
						CreatedOnToolsVersion = 10.1;
					};
				};
			};
			buildConfigurationList = FA2FCDA521F8AA69009D6A3A /* Build configuration list for PBXProject "TestCurr" */;
			compatibilityVersion = "Xcode 9.3";
			developmentRegion = en;
			hasScannedForEncodings = 0;
			knownRegions = (
				en,
				Base,
			);
			mainGroup = FA2FCDA121F8AA69009D6A3A;
			productRefGroup = FA2FCDAB21F8AA69009D6A3A /* Products */;
			projectDirPath = "";
			projectRoot = "";
			targets = (
				FA2FCDA921F8AA69009D6A3A /* TestCurr */,
			);
		};
/* End PBXProject section */

/* Begin PBXResourcesBuildPhase section */
		FA2FCDA821F8AA69009D6A3A /* Resources */ = {
			isa = PBXResourcesBuildPhase;
			buildActionMask = 2147483647;
			files = (
				FA2FCDB821F8AA6A009D6A3A /* LaunchScreen.storyboard in Resources */,
				FA2FCDCD21F8AE9F009D6A3A /* NBUTableViewCell.xib in Resources */,
				FA2FCDC921F8AE8D009D6A3A /* PrivatBankTableViewCell.xib in Resources */,
				FA2FCDB521F8AA6A009D6A3A /* Assets.xcassets in Resources */,
				FA2FCDB321F8AA69009D6A3A /* Main.storyboard in Resources */,
			);
			runOnlyForDeploymentPostprocessing = 0;
		};
/* End PBXResourcesBuildPhase section */

/* Begin PBXShellScriptBuildPhase section */
		5F0FB38D65ECF9F97ADAEEC7 /* [CP] Embed Pods Frameworks */ = {
			isa = PBXShellScriptBuildPhase;
			buildActionMask = 2147483647;
			files = (
			);
			inputFileListPaths = (
			);
			inputPaths = (
				"${SRCROOT}/Pods/Target Support Files/Pods-TestCurr/Pods-TestCurr-frameworks.sh",
				"${BUILT_PRODUCTS_DIR}/Alamofire/Alamofire.framework",
				"${BUILT_PRODUCTS_DIR}/SwiftyJSON/SwiftyJSON.framework",
			);
			name = "[CP] Embed Pods Frameworks";
			outputFileListPaths = (
			);
			outputPaths = (
				"${TARGET_BUILD_DIR}/${FRAMEWORKS_FOLDER_PATH}/Alamofire.framework",
				"${TARGET_BUILD_DIR}/${FRAMEWORKS_FOLDER_PATH}/SwiftyJSON.framework",
			);
			runOnlyForDeploymentPostprocessing = 0;
			shellPath = /bin/sh;
			shellScript = "\"${SRCROOT}/Pods/Target Support Files/Pods-TestCurr/Pods-TestCurr-frameworks.sh\"\n";
			showEnvVarsInLog = 0;
		};
		6769E7A17FA2354EECAF7951 /* [CP] Check Pods Manifest.lock */ = {
			isa = PBXShellScriptBuildPhase;
			buildActionMask = 2147483647;
			files = (
			);
			inputFileListPaths = (
			);
			inputPaths = (
				"${PODS_PODFILE_DIR_PATH}/Podfile.lock",
				"${PODS_ROOT}/Manifest.lock",
			);
			name = "[CP] Check Pods Manifest.lock";
			outputFileListPaths = (
			);
			outputPaths = (
				"$(DERIVED_FILE_DIR)/Pods-TestCurr-checkManifestLockResult.txt",
			);
			runOnlyForDeploymentPostprocessing = 0;
			shellPath = /bin/sh;
			shellScript = "diff \"${PODS_PODFILE_DIR_PATH}/Podfile.lock\" \"${PODS_ROOT}/Manifest.lock\" > /dev/null\nif [ $? != 0 ] ; then\n    # print error to STDERR\n    echo \"error: The sandbox is not in sync with the Podfile.lock. Run 'pod install' or update your CocoaPods installation.\" >&2\n    exit 1\nfi\n# This output is used by Xcode 'outputs' to avoid re-running this script phase.\necho \"SUCCESS\" > \"${SCRIPT_OUTPUT_FILE_0}\"\n";
			showEnvVarsInLog = 0;
		};
/* End PBXShellScriptBuildPhase section */

/* Begin PBXSourcesBuildPhase section */
		FA2FCDA621F8AA69009D6A3A /* Sources */ = {
			isa = PBXSourcesBuildPhase;
			buildActionMask = 2147483647;
			files = (
				FA31C6EE21FB3B9100BD52D9 /* CurrencyModel.swift in Sources */,
				FA31C6EC21FB0EEF00BD52D9 /* ServiceManager.swift in Sources */,
				FA2FCDB021F8AA69009D6A3A /* ViewController.swift in Sources */,
				FA2FCDCF21F8B004009D6A3A /* GlobalScope.swift in Sources */,
				FA2FCDCC21F8AE9F009D6A3A /* NBUTableViewCell.swift in Sources */,
				FA2FCDAE21F8AA69009D6A3A /* AppDelegate.swift in Sources */,
				FA2FCDC821F8AE8D009D6A3A /* PrivatBankTableViewCell.swift in Sources */,
			);
			runOnlyForDeploymentPostprocessing = 0;
		};
/* End PBXSourcesBuildPhase section */

/* Begin PBXVariantGroup section */
		FA2FCDB121F8AA69009D6A3A /* Main.storyboard */ = {
			isa = PBXVariantGroup;
			children = (
				FA2FCDB221F8AA69009D6A3A /* Base */,
			);
			name = Main.storyboard;
			sourceTree = "<group>";
		};
		FA2FCDB621F8AA6A009D6A3A /* LaunchScreen.storyboard */ = {
			isa = PBXVariantGroup;
			children = (
				FA2FCDB721F8AA6A009D6A3A /* Base */,
			);
			name = LaunchScreen.storyboard;
			sourceTree = "<group>";
		};
/* End PBXVariantGroup section */

/* Begin XCBuildConfiguration section */
		FA2FCDBA21F8AA6A009D6A3A /* Debug */ = {
			isa = XCBuildConfiguration;
			buildSettings = {
				ALWAYS_SEARCH_USER_PATHS = NO;
				CLANG_ANALYZER_NONNULL = YES;
				CLANG_ANALYZER_NUMBER_OBJECT_CONVERSION = YES_AGGRESSIVE;
				CLANG_CXX_LANGUAGE_STANDARD = "gnu++14";
				CLANG_CXX_LIBRARY = "libc++";
				CLANG_ENABLE_MODULES = YES;
				CLANG_ENABLE_OBJC_ARC = YES;
				CLANG_ENABLE_OBJC_WEAK = YES;
				CLANG_WARN_BLOCK_CAPTURE_AUTORELEASING = YES;
				CLANG_WARN_BOOL_CONVERSION = YES;
				CLANG_WARN_COMMA = YES;
				CLANG_WARN_CONSTANT_CONVERSION = YES;
				CLANG_WARN_DEPRECATED_OBJC_IMPLEMENTATIONS = YES;
				CLANG_WARN_DIRECT_OBJC_ISA_USAGE = YES_ERROR;
				CLANG_WARN_DOCUMENTATION_COMMENTS = YES;
				CLANG_WARN_EMPTY_BODY = YES;
				CLANG_WARN_ENUM_CONVERSION = YES;
				CLANG_WARN_INFINITE_RECURSION = YES;
				CLANG_WARN_INT_CONVERSION = YES;
				CLANG_WARN_NON_LITERAL_NULL_CONVERSION = YES;
				CLANG_WARN_OBJC_IMPLICIT_RETAIN_SELF = YES;
				CLANG_WARN_OBJC_LITERAL_CONVERSION = YES;
				CLANG_WARN_OBJC_ROOT_CLASS = YES_ERROR;
				CLANG_WARN_RANGE_LOOP_ANALYSIS = YES;
				CLANG_WARN_STRICT_PROTOTYPES = YES;
				CLANG_WARN_SUSPICIOUS_MOVE = YES;
				CLANG_WARN_UNGUARDED_AVAILABILITY = YES_AGGRESSIVE;
				CLANG_WARN_UNREACHABLE_CODE = YES;
				CLANG_WARN__DUPLICATE_METHOD_MATCH = YES;
				CODE_SIGN_IDENTITY = "iPhone Developer";
				COPY_PHASE_STRIP = NO;
				DEBUG_INFORMATION_FORMAT = dwarf;
				ENABLE_STRICT_OBJC_MSGSEND = YES;
				ENABLE_TESTABILITY = YES;
				GCC_C_LANGUAGE_STANDARD = gnu11;
				GCC_DYNAMIC_NO_PIC = NO;
				GCC_NO_COMMON_BLOCKS = YES;
				GCC_OPTIMIZATION_LEVEL = 0;
				GCC_PREPROCESSOR_DEFINITIONS = (
					"DEBUG=1",
					"$(inherited)",
				);
				GCC_WARN_64_TO_32_BIT_CONVERSION = YES;
				GCC_WARN_ABOUT_RETURN_TYPE = YES_ERROR;
				GCC_WARN_UNDECLARED_SELECTOR = YES;
				GCC_WARN_UNINITIALIZED_AUTOS = YES_AGGRESSIVE;
				GCC_WARN_UNUSED_FUNCTION = YES;
				GCC_WARN_UNUSED_VARIABLE = YES;
				IPHONEOS_DEPLOYMENT_TARGET = 12.1;
				MTL_ENABLE_DEBUG_INFO = INCLUDE_SOURCE;
				MTL_FAST_MATH = YES;
				ONLY_ACTIVE_ARCH = YES;
				SDKROOT = iphoneos;
				SWIFT_ACTIVE_COMPILATION_CONDITIONS = DEBUG;
				SWIFT_OPTIMIZATION_LEVEL = "-Onone";
			};
			name = Debug;
		};
		FA2FCDBB21F8AA6A009D6A3A /* Release */ = {
			isa = XCBuildConfiguration;
			buildSettings = {
				ALWAYS_SEARCH_USER_PATHS = NO;
				CLANG_ANALYZER_NONNULL = YES;
				CLANG_ANALYZER_NUMBER_OBJECT_CONVERSION = YES_AGGRESSIVE;
				CLANG_CXX_LANGUAGE_STANDARD = "gnu++14";
				CLANG_CXX_LIBRARY = "libc++";
				CLANG_ENABLE_MODULES = YES;
				CLANG_ENABLE_OBJC_ARC = YES;
				CLANG_ENABLE_OBJC_WEAK = YES;
				CLANG_WARN_BLOCK_CAPTURE_AUTORELEASING = YES;
				CLANG_WARN_BOOL_CONVERSION = YES;
				CLANG_WARN_COMMA = YES;
				CLANG_WARN_CONSTANT_CONVERSION = YES;
				CLANG_WARN_DEPRECATED_OBJC_IMPLEMENTATIONS = YES;
				CLANG_WARN_DIRECT_OBJC_ISA_USAGE = YES_ERROR;
				CLANG_WARN_DOCUMENTATION_COMMENTS = YES;
				CLANG_WARN_EMPTY_BODY = YES;
				CLANG_WARN_ENUM_CONVERSION = YES;
				CLANG_WARN_INFINITE_RECURSION = YES;
				CLANG_WARN_INT_CONVERSION = YES;
				CLANG_WARN_NON_LITERAL_NULL_CONVERSION = YES;
				CLANG_WARN_OBJC_IMPLICIT_RETAIN_SELF = YES;
				CLANG_WARN_OBJC_LITERAL_CONVERSION = YES;
				CLANG_WARN_OBJC_ROOT_CLASS = YES_ERROR;
				CLANG_WARN_RANGE_LOOP_ANALYSIS = YES;
				CLANG_WARN_STRICT_PROTOTYPES = YES;
				CLANG_WARN_SUSPICIOUS_MOVE = YES;
				CLANG_WARN_UNGUARDED_AVAILABILITY = YES_AGGRESSIVE;
				CLANG_WARN_UNREACHABLE_CODE = YES;
				CLANG_WARN__DUPLICATE_METHOD_MATCH = YES;
				CODE_SIGN_IDENTITY = "iPhone Developer";
				COPY_PHASE_STRIP = NO;
				DEBUG_INFORMATION_FORMAT = "dwarf-with-dsym";
				ENABLE_NS_ASSERTIONS = NO;
				ENABLE_STRICT_OBJC_MSGSEND = YES;
				GCC_C_LANGUAGE_STANDARD = gnu11;
				GCC_NO_COMMON_BLOCKS = YES;
				GCC_WARN_64_TO_32_BIT_CONVERSION = YES;
				GCC_WARN_ABOUT_RETURN_TYPE = YES_ERROR;
				GCC_WARN_UNDECLARED_SELECTOR = YES;
				GCC_WARN_UNINITIALIZED_AUTOS = YES_AGGRESSIVE;
				GCC_WARN_UNUSED_FUNCTION = YES;
				GCC_WARN_UNUSED_VARIABLE = YES;
				IPHONEOS_DEPLOYMENT_TARGET = 12.1;
				MTL_ENABLE_DEBUG_INFO = NO;
				MTL_FAST_MATH = YES;
				SDKROOT = iphoneos;
				SWIFT_COMPILATION_MODE = wholemodule;
				SWIFT_OPTIMIZATION_LEVEL = "-O";
				VALIDATE_PRODUCT = YES;
			};
			name = Release;
		};
		FA2FCDBD21F8AA6A009D6A3A /* Debug */ = {
			isa = XCBuildConfiguration;
			baseConfigurationReference = E05F4A058ED2CC3CCA892F3B /* Pods-TestCurr.debug.xcconfig */;
			buildSettings = {
				ASSETCATALOG_COMPILER_APPICON_NAME = AppIcon;
				CODE_SIGN_STYLE = Automatic;
				DEVELOPMENT_TEAM = SZXJ42HYP9;
				INFOPLIST_FILE = TestCurr/Info.plist;
				LD_RUNPATH_SEARCH_PATHS = (
					"$(inherited)",
					"@executable_path/Frameworks",
				);
				PRODUCT_BUNDLE_IDENTIFIER = com.proof.TestCurr;
				PRODUCT_NAME = "$(TARGET_NAME)";
				SWIFT_VERSION = 4.2;
				TARGETED_DEVICE_FAMILY = "1,2";
			};
			name = Debug;
		};
		FA2FCDBE21F8AA6A009D6A3A /* Release */ = {
			isa = XCBuildConfiguration;
			baseConfigurationReference = 684B6F849D2CEC3F4EDA3C61 /* Pods-TestCurr.release.xcconfig */;
			buildSettings = {
				ASSETCATALOG_COMPILER_APPICON_NAME = AppIcon;
				CODE_SIGN_STYLE = Automatic;
				DEVELOPMENT_TEAM = SZXJ42HYP9;
				INFOPLIST_FILE = TestCurr/Info.plist;
				LD_RUNPATH_SEARCH_PATHS = (
					"$(inherited)",
					"@executable_path/Frameworks",
				);
				PRODUCT_BUNDLE_IDENTIFIER = com.proof.TestCurr;
				PRODUCT_NAME = "$(TARGET_NAME)";
				SWIFT_VERSION = 4.2;
				TARGETED_DEVICE_FAMILY = "1,2";
			};
			name = Release;
		};
/* End XCBuildConfiguration section */

/* Begin XCConfigurationList section */
		FA2FCDA521F8AA69009D6A3A /* Build configuration list for PBXProject "TestCurr" */ = {
			isa = XCConfigurationList;
			buildConfigurations = (
				FA2FCDBA21F8AA6A009D6A3A /* Debug */,
				FA2FCDBB21F8AA6A009D6A3A /* Release */,
			);
			defaultConfigurationIsVisible = 0;
			defaultConfigurationName = Release;
		};
		FA2FCDBC21F8AA6A009D6A3A /* Build configuration list for PBXNativeTarget "TestCurr" */ = {
			isa = XCConfigurationList;
			buildConfigurations = (
				FA2FCDBD21F8AA6A009D6A3A /* Debug */,
				FA2FCDBE21F8AA6A009D6A3A /* Release */,
			);
			defaultConfigurationIsVisible = 0;
			defaultConfigurationName = Release;
		};
/* End XCConfigurationList section */
	};
	rootObject = FA2FCDA221F8AA69009D6A3A /* Project object */;
}
